
Microsoft Visual Studio Solution File, Format Version 12.00
Project("{FAE04EC0-301F-11D3-BF4B-00C04F79EFBC}") = "Caber.Jason.Client", "src\Caber.Jason.Client\Caber.Jason.Client.csproj", "{AE7BD52C-F10B-477E-9F9C-8E8483E686EF}"
EndProject
Project("{FAE04EC0-301F-11D3-BF4B-00C04F79EFBC}") = "Caber.Jason.Serializer.MessagePack", "src\Caber.Jason.Serializer.MessagePack\Caber.Jason.Serializer.MessagePack.csproj", "{43A88628-131B-4260-BDD6-771695A15B99}"
EndProject
Project("{FAE04EC0-301F-11D3-BF4B-00C04F79EFBC}") = "Caber.Jason.Core", "src\Caber.Jason.Core\Caber.Jason.Core.csproj", "{D6BDE56D-7408-4BC6-A653-95AECB0BD648}"
EndProject
Project("{FAE04EC0-301F-11D3-BF4B-00C04F79EFBC}") = "Caber.Jason.Serializer.Cbor", "src\Caber.Jason.Serializer.Cbor\Caber.Jason.Serializer.Cbor.csproj", "{A1475861-D882-4945-B442-CB9349757C9C}"
EndProject
Project("{2150E333-8FDC-42A3-9474-1A3956D46DE8}") = "Tests", "Tests", "{7EC7858A-17E9-4948-9D2F-C7D04DDD3959}"
EndProject
Project("{2150E333-8FDC-42A3-9474-1A3956D46DE8}") = "Library", "Library", "{2498FD33-0B1C-4A25-A3CD-A4B24B7AD6EC}"
EndProject
Project("{2150E333-8FDC-42A3-9474-1A3956D46DE8}") = "Serializers", "Serializers", "{96DA5980-516A-45B0-BFA4-3FA7790BF7CF}"
EndProject
Global
	GlobalSection(SolutionConfigurationPlatforms) = preSolution
		Debug|Any CPU = Debug|Any CPU
		Release|Any CPU = Release|Any CPU
	EndGlobalSection
	GlobalSection(ProjectConfigurationPlatforms) = postSolution
		{AE7BD52C-F10B-477E-9F9C-8E8483E686EF}.Debug|Any CPU.ActiveCfg = Debug|Any CPU
		{AE7BD52C-F10B-477E-9F9C-8E8483E686EF}.Debug|Any CPU.Build.0 = Debug|Any CPU
		{AE7BD52C-F10B-477E-9F9C-8E8483E686EF}.Release|Any CPU.ActiveCfg = Release|Any CPU
		{AE7BD52C-F10B-477E-9F9C-8E8483E686EF}.Release|Any CPU.Build.0 = Release|Any CPU
		{43A88628-131B-4260-BDD6-771695A15B99}.Debug|Any CPU.ActiveCfg = Debug|Any CPU
		{43A88628-131B-4260-BDD6-771695A15B99}.Debug|Any CPU.Build.0 = Debug|Any CPU
		{43A88628-131B-4260-BDD6-771695A15B99}.Release|Any CPU.ActiveCfg = Release|Any CPU
		{43A88628-131B-4260-BDD6-771695A15B99}.Release|Any CPU.Build.0 = Release|Any CPU
		{D6BDE56D-7408-4BC6-A653-95AECB0BD648}.Debug|Any CPU.ActiveCfg = Debug|Any CPU
		{D6BDE56D-7408-4BC6-A653-95AECB0BD648}.Debug|Any CPU.Build.0 = Debug|Any CPU
		{D6BDE56D-7408-4BC6-A653-95AECB0BD648}.Release|Any CPU.ActiveCfg = Release|Any CPU
		{D6BDE56D-7408-4BC6-A653-95AECB0BD648}.Release|Any CPU.Build.0 = Release|Any CPU
		{A1475861-D882-4945-B442-CB9349757C9C}.Debug|Any CPU.ActiveCfg = Debug|Any CPU
		{A1475861-D882-4945-B442-CB9349757C9C}.Debug|Any CPU.Build.0 = Debug|Any CPU
	EndGlobalSection
	GlobalSection(NestedProjects) = preSolution
		{A1475861-D882-4945-B442-CB9349757C9C} = {96DA5980-516A-45B0-BFA4-3FA7790BF7CF}
		{43A88628-131B-4260-BDD6-771695A15B99} = {96DA5980-516A-45B0-BFA4-3FA7790BF7CF}
		{AE7BD52C-F10B-477E-9F9C-8E8483E686EF} = {2498FD33-0B1C-4A25-A3CD-A4B24B7AD6EC}
		{D6BDE56D-7408-4BC6-A653-95AECB0BD648} = {2498FD33-0B1C-4A25-A3CD-A4B24B7AD6EC}
	EndGlobalSection
EndGlobal
